github.com/davecgh/go-spew v1.1.1 h1:vj9j/u1bqnvCEfJOwUhtlOARqs3+rkHYY13jYWTU97c=
github.com/davecgh/go-spew v1.1.1/go.mod h1:J7Y8YcW2NihsgmVo/mv3lAwl/skON4iLHjSsI+c5H38=
github.com/kljensen/snowball v0.9.0 h1:OpXkQBcic6vcPG+dChOGLIA/GNuVg47tbbIJ2s7Keas=
github.com/kljensen/snowball v0.9.0/go.mod h1:OGo5gFWjaeXqCu4iIrMl5OYip9XUJHGOU5eSkPjVg2A=
github.com/pmezard/go-difflib v1.0.0 h1:4DBwDE0NGyQoBHbLQYPwSUPoCMWR5BEzIk/f1lZbAQM=
github.com/pmezard/go-difflib v1.0.0/go.mod h1:iKH77koFhYxTK1pcRnkKkqfTogsbg7gZNVY4sRDYZ/4=
github.com/rookii/paicehusk v0.0.0-20130619054030-d62367ab30c1 h1:3tFIycnp5LEzHywmJ12FYj1Fb93fbCmCbcpEQt0KXVM=
github.com/rookii/paicehusk v0.0.0-20130619054030-d62367ab30c1/go.mod h1:7i1pA1jWXu7ISx9BeaTSSf5Of06O0fS4O0heUvfKZ0k=
github.com/stretchr/testify v1.8.1 h1:w7B6lhMri9wdJUVmEZPGGhZzrYTPvgJArz7wNPgYKsk=
github.com/stretchr/testify v1.8.1/go.mod h1:w2LPCIKwWwSfY2zedu0+kehJoqGctiVI29o6fzry7u4=
github.com/tebeka/snowball v0.7.0 h1:4kx0zZ2Pg8r73RiY/CnGEydwN9hN4nG2HqSdH67zxcA=
github.com/tebeka/snowball v0.7.0/go.mod h1:L1/aiWo8AlJe9batdXfKIQeaxIYzlaTveYvGPuMu76Q=
github.com/toadharvard/stopwords-iso v0.1.2 h1:y4ddNmueT4cdQ8W/CuPfLlfmnSujIoNCzI8X0QCmFiI=
github.com/toadharvard/stopwords-iso v0.1.2/go.mod h1:r5uaUKI3yJDZ8XY5SbTnRVfo5lcEfwYLUHkdlgXc/Yk=
gopkg.in/yaml.v3 v3.0.1 h1:fxVm/GzAzEWqLHuvctI91KS9hhNmmWOoWu0XTYJS7CA=
gopkg.in/yaml.v3 v3.0.1/go.mod h1:K4uyk7z7BCEPqu6E+C64Yfv1cQ7kz7rIZviUmN+EgEM=
